
Microsoft Visual Studio Solution File, Format Version 12.00
# Visual Studio Version 16
VisualStudioVersion = 16.0.30523.141
MinimumVisualStudioVersion = 10.0.40219.1
Project("{8BC9CEB8-8B4A-11D0-8D11-00A0C91BC942}") = "PR 8.1.1(Iter)", "PR 8.1.1(Iter)\PR 8.1.1(Iter).vcxproj", "{AC7562C0-2D1F-4201-9405-D95B9EF1F28E}"
EndProject
Project("{8BC9CEB8-8B4A-11D0-8D11-00A0C91BC942}") = "UnitTest1", "UnitTest1\UnitTest1.vcxproj", "{739CFB04-5C6B-4B90-B1C0-93A602592C1B}"
EndProject
Global
	GlobalSection(SolutionConfigurationPlatforms) = preSolution
		Debug|x64 = Debug|x64
		Debug|x86 = Debug|x86
		Release|x64 = Release|x64
		Release|x86 = Release|x86
	EndGlobalSection
	GlobalSection(ProjectConfigurationPlatforms) = postSolution
		{AC7562C0-2D1F-4201-9405-D95B9EF1F28E}.Debug|x64.ActiveCfg = Debug|x64
		{AC7562C0-2D1F-4201-9405-D95B9EF1F28E}.Debug|x64.Build.0 = Debug|x64
		{AC7562C0-2D1F-4201-9405-D95B9EF1F28E}.Debug|x86.ActiveCfg = Debug|Win32
		{AC7562C0-2D1F-4201-9405-D95B9EF1F28E}.Debug|x86.Build.0 = Debug|Win32
		{AC7562C0-2D1F-4201-9405-D95B9EF1F28E}.Release|x64.ActiveCfg = Release|x64
		{AC7562C0-2D1F-4201-9405-D95B9EF1F28E}.Release|x64.Build.0 = Release|x64
		{AC7562C0-2D1F-4201-9405-D95B9EF1F28E}.Release|x86.ActiveCfg = Release|Win32
		{AC7562C0-2D1F-4201-9405-D95B9EF1F28E}.Release|x86.Build.0 = Release|Win32
		{739CFB04-5C6B-4B90-B1C0-93A602592C1B}.Debug|x64.ActiveCfg = Debug|x64
		{739CFB04-5C6B-4B90-B1C0-93A602592C1B}.Debug|x64.Build.0 = Debug|x64
		{739CFB04-5C6B-4B90-B1C0-93A602592C1B}.Debug|x86.ActiveCfg = Debug|Win32
		{739CFB04-5C6B-4B90-B1C0-93A602592C1B}.Debug|x86.Build.0 = Debug|Win32
		{739CFB04-5C6B-4B90-B1C0-93A602592C1B}.Release|x64.ActiveCfg = Release|x64
		{739CFB04-5C6B-4B90-B1C0-93A602592C1B}.Release|x64.Build.0 = Release|x64
		{739CFB04-5C6B-4B90-B1C0-93A602592C1B}.Release|x86.ActiveCfg = Release|Win32
		{739CFB04-5C6B-4B90-B1C0-93A602592C1B}.Release|x86.Build.0 = Release|Win32
	EndGlobalSection
	GlobalSection(SolutionProperties) = preSolution
		HideSolutionNode = FALSE
	EndGlobalSection
	GlobalSection(ExtensibilityGlobals) = postSolution
		SolutionGuid = {66E365B5-5E49-4EEC-AE59-17A978A9A97C}
	EndGlobalSection
EndGlobal
